
Microsoft Visual Studio Solution File, Format Version 12.00
# Visual Studio Version 16
VisualStudioVersion = 16.0.30611.23
MinimumVisualStudioVersion = 10.0.40219.1
Project("{9A19103F-16F7-4668-BE54-9A1E7A4F7556}") = "CalculatorPrototype", "CalculatorPrototype.csproj", "{370993FB-C5FB-48F4-BF57-A8AB5EE8D0F6}"
EndProject
Project("{9A19103F-16F7-4668-BE54-9A1E7A4F7556}") = "CalculatorLibrary", "..\CalculatorLibrary\CalculatorLibrary.csproj", "{53BAD32B-EA0A-4F91-9757-E38D261CB59B}"
EndProject
Project("{FAE04EC0-301F-11D3-BF4B-00C04F79EFBC}") = "CalculatorPrototype.Tests", "..\CalculatorPrototype.Tests\CalculatorPrototype.Tests.csproj", "{C02B255E-EFB4-4949-BC57-A019D85CE072}"
EndProject
Global
	GlobalSection(SolutionConfigurationPlatforms) = preSolution
		Debug|Any CPU = Debug|Any CPU
		Release|Any CPU = Release|Any CPU
	EndGlobalSection
	GlobalSection(ProjectConfigurationPlatforms) = postSolution
		{370993FB-C5FB-48F4-BF57-A8AB5EE8D0F6}.Debug|Any CPU.ActiveCfg = Debug|Any CPU
		{370993FB-C5FB-48F4-BF57-A8AB5EE8D0F6}.Debug|Any CPU.Build.0 = Debug|Any CPU
		{370993FB-C5FB-48F4-BF57-A8AB5EE8D0F6}.Release|Any CPU.ActiveCfg = Release|Any CPU
		{370993FB-C5FB-48F4-BF57-A8AB5EE8D0F6}.Release|Any CPU.Build.0 = Release|Any CPU
		{53BAD32B-EA0A-4F91-9757-E38D261CB59B}.Debug|Any CPU.ActiveCfg = Debug|Any CPU
		{53BAD32B-EA0A-4F91-9757-E38D261CB59B}.Debug|Any CPU.Build.0 = Debug|Any CPU
		{53BAD32B-EA0A-4F91-9757-E38D261CB59B}.Release|Any CPU.ActiveCfg = Release|Any CPU
		{53BAD32B-EA0A-4F91-9757-E38D261CB59B}.Release|Any CPU.Build.0 = Release|Any CPU
		{C02B255E-EFB4-4949-BC57-A019D85CE072}.Debug|Any CPU.ActiveCfg = Debug|Any CPU
		{C02B255E-EFB4-4949-BC57-A019D85CE072}.Debug|Any CPU.Build.0 = Debug|Any CPU
		{C02B255E-EFB4-4949-BC57-A019D85CE072}.Release|Any CPU.ActiveCfg = Release|Any CPU
		{C02B255E-EFB4-4949-BC57-A019D85CE072}.Release|Any CPU.Build.0 = Release|Any CPU
	EndGlobalSection
	GlobalSection(SolutionProperties) = preSolution
		HideSolutionNode = FALSE
	EndGlobalSection
	GlobalSection(ExtensibilityGlobals) = postSolution
		SolutionGuid = {93FC61B4-887C-4FC5-A93F-5A68DF7B9BAF}
	EndGlobalSection
EndGlobal
